
Microsoft Visual Studio Solution File, Format Version 12.00
# Visual Studio Version 17
VisualStudioVersion = 17.4.33213.308
MinimumVisualStudioVersion = 10.0.40219.1
Project("{9A19103F-16F7-4668-BE54-9A1E7A4F7556}") = "DataAccess", "DataAccess\DataAccess.csproj", "{ACD96D70-EF6C-4B33-9F3C-492921C98270}"
EndProject
Project("{9A19103F-16F7-4668-BE54-9A1E7A4F7556}") = "Business", "Business\Business.csproj", "{716E13CC-ED81-4912-A0DF-CE5523A98161}"
EndProject
Project("{9A19103F-16F7-4668-BE54-9A1E7A4F7556}") = "Entities", "Entities\Entities.csproj", "{FB80B77B-7369-4ED6-AE5D-107D84B9BA6F}"
EndProject
Project("{9A19103F-16F7-4668-BE54-9A1E7A4F7556}") = "ConsoleUI", "ConsoleUI\ConsoleUI.csproj", "{910E66A7-2E73-48ED-9975-8EA3CF26A8C2}"
EndProject
Project("{FAE04EC0-301F-11D3-BF4B-00C04F79EFBC}") = "Core", "Core\Core.csproj", "{1C44912B-7957-45E4-B61F-4231D994AE89}"
EndProject
Global
	GlobalSection(SolutionConfigurationPlatforms) = preSolution
		Debug|Any CPU = Debug|Any CPU
		Release|Any CPU = Release|Any CPU
	EndGlobalSection
	GlobalSection(ProjectConfigurationPlatforms) = postSolution
		{ACD96D70-EF6C-4B33-9F3C-492921C98270}.Debug|Any CPU.ActiveCfg = Debug|Any CPU
		{ACD96D70-EF6C-4B33-9F3C-492921C98270}.Debug|Any CPU.Build.0 = Debug|Any CPU
		{ACD96D70-EF6C-4B33-9F3C-492921C98270}.Release|Any CPU.ActiveCfg = Release|Any CPU
		{ACD96D70-EF6C-4B33-9F3C-492921C98270}.Release|Any CPU.Build.0 = Release|Any CPU
		{716E13CC-ED81-4912-A0DF-CE5523A98161}.Debug|Any CPU.ActiveCfg = Debug|Any CPU
		{716E13CC-ED81-4912-A0DF-CE5523A98161}.Debug|Any CPU.Build.0 = Debug|Any CPU
		{716E13CC-ED81-4912-A0DF-CE5523A98161}.Release|Any CPU.ActiveCfg = Release|Any CPU
		{716E13CC-ED81-4912-A0DF-CE5523A98161}.Release|Any CPU.Build.0 = Release|Any CPU
		{FB80B77B-7369-4ED6-AE5D-107D84B9BA6F}.Debug|Any CPU.ActiveCfg = Debug|Any CPU
		{FB80B77B-7369-4ED6-AE5D-107D84B9BA6F}.Debug|Any CPU.Build.0 = Debug|Any CPU
		{FB80B77B-7369-4ED6-AE5D-107D84B9BA6F}.Release|Any CPU.ActiveCfg = Release|Any CPU
		{FB80B77B-7369-4ED6-AE5D-107D84B9BA6F}.Release|Any CPU.Build.0 = Release|Any CPU
		{910E66A7-2E73-48ED-9975-8EA3CF26A8C2}.Debug|Any CPU.ActiveCfg = Debug|Any CPU
		{910E66A7-2E73-48ED-9975-8EA3CF26A8C2}.Debug|Any CPU.Build.0 = Debug|Any CPU
		{910E66A7-2E73-48ED-9975-8EA3CF26A8C2}.Release|Any CPU.ActiveCfg = Release|Any CPU
		{910E66A7-2E73-48ED-9975-8EA3CF26A8C2}.Release|Any CPU.Build.0 = Release|Any CPU
		{1C44912B-7957-45E4-B61F-4231D994AE89}.Debug|Any CPU.ActiveCfg = Debug|Any CPU
		{1C44912B-7957-45E4-B61F-4231D994AE89}.Debug|Any CPU.Build.0 = Debug|Any CPU
		{1C44912B-7957-45E4-B61F-4231D994AE89}.Release|Any CPU.ActiveCfg = Release|Any CPU
		{1C44912B-7957-45E4-B61F-4231D994AE89}.Release|Any CPU.Build.0 = Release|Any CPU
	EndGlobalSection
	GlobalSection(SolutionProperties) = preSolution
		HideSolutionNode = FALSE
	EndGlobalSection
	GlobalSection(ExtensibilityGlobals) = postSolution
		SolutionGuid = {EB9A0CBB-DD2E-433E-B44B-FA06050202B0}
	EndGlobalSection
EndGlobal
